
Microsoft Visual Studio Solution File, Format Version 12.00
# Visual Studio Version 17
VisualStudioVersion = 17.0.31919.166
MinimumVisualStudioVersion = 10.0.40219.1
Project("{2150E333-8FDC-42A3-9474-1A3956D46DE8}") = "frontend", "frontend", "{5838B8EE-26E6-4267-9891-2B815CC09C0F}"
EndProject
Project("{2150E333-8FDC-42A3-9474-1A3956D46DE8}") = "services", "services", "{B0EEED02-3C2B-4BFF-886A-51814811CCE7}"
EndProject
Project("{FAE04EC0-301F-11D3-BF4B-00C04F79EFBC}") = "FelipeShopping.Web", "FelipeShopping.Web\FelipeShopping.Web.csproj", "{69275197-7F75-4928-AC55-4F3424F7003D}"
EndProject
Project("{FAE04EC0-301F-11D3-BF4B-00C04F79EFBC}") = "FelipeShopping.ProdutoAPI", "FelipeShopping.ProdutoAPI\FelipeShopping.ProdutoAPI.csproj", "{D582A80C-AF87-4523-BFD8-A53A188A7407}"
EndProject
Global
	GlobalSection(SolutionConfigurationPlatforms) = preSolution
		Debug|Any CPU = Debug|Any CPU
		Release|Any CPU = Release|Any CPU
	EndGlobalSection
	GlobalSection(ProjectConfigurationPlatforms) = postSolution
		{69275197-7F75-4928-AC55-4F3424F7003D}.Debug|Any CPU.ActiveCfg = Debug|Any CPU
		{69275197-7F75-4928-AC55-4F3424F7003D}.Debug|Any CPU.Build.0 = Debug|Any CPU
		{69275197-7F75-4928-AC55-4F3424F7003D}.Release|Any CPU.ActiveCfg = Release|Any CPU
		{69275197-7F75-4928-AC55-4F3424F7003D}.Release|Any CPU.Build.0 = Release|Any CPU
		{D582A80C-AF87-4523-BFD8-A53A188A7407}.Debug|Any CPU.ActiveCfg = Debug|Any CPU
		{D582A80C-AF87-4523-BFD8-A53A188A7407}.Debug|Any CPU.Build.0 = Debug|Any CPU
		{D582A80C-AF87-4523-BFD8-A53A188A7407}.Release|Any CPU.ActiveCfg = Release|Any CPU
		{D582A80C-AF87-4523-BFD8-A53A188A7407}.Release|Any CPU.Build.0 = Release|Any CPU
	EndGlobalSection
	GlobalSection(SolutionProperties) = preSolution
		HideSolutionNode = FALSE
	EndGlobalSection
	GlobalSection(NestedProjects) = preSolution
		{69275197-7F75-4928-AC55-4F3424F7003D} = {5838B8EE-26E6-4267-9891-2B815CC09C0F}
		{D582A80C-AF87-4523-BFD8-A53A188A7407} = {B0EEED02-3C2B-4BFF-886A-51814811CCE7}
	EndGlobalSection
	GlobalSection(ExtensibilityGlobals) = postSolution
		SolutionGuid = {F687316A-FFFF-494E-92C5-82DDD70DD5AD}
	EndGlobalSection
EndGlobal
